
Microsoft Visual Studio Solution File, Format Version 12.00
# Visual Studio 2013
VisualStudioVersion = 12.0.31101.0
MinimumVisualStudioVersion = 10.0.40219.1
Project("{FAE04EC0-301F-11D3-BF4B-00C04F79EFBC}") = "BoatGCS", "BoatGCS\BoatGCS.csproj", "{BF7E9EC1-2842-4F1D-AD6D-6C3909F38D2A}"
EndProject
Project("{2150E333-8FDC-42A3-9474-1A3956D46DE8}") = "ExtLibs", "ExtLibs", "{5076FBA0-2741-497A-988D-17166A4F4CA0}"
EndProject
Project("{FAE04EC0-301F-11D3-BF4B-00C04F79EFBC}") = "GeoUtility", "ExtLibs\GeoUtility\GeoUtility.csproj", "{7F7994CE-823F-4A04-BBEA-D0A3808FF56D}"
EndProject
Project("{FAE04EC0-301F-11D3-BF4B-00C04F79EFBC}") = "GCSInstruments", "ExtLibs\GCSInstruments\GCSInstruments.csproj", "{45322F3D-0CC2-439E-9D45-27CF34BDCA70}"
EndProject
Project("{FAE04EC0-301F-11D3-BF4B-00C04F79EFBC}") = "MAVLink", "ExtLibs\Mavlink\MAVLink.csproj", "{20296734-5F3C-4593-A0D5-DD20B440B13A}"
EndProject
Global
	GlobalSection(SolutionConfigurationPlatforms) = preSolution
		Debug|Any CPU = Debug|Any CPU
		Release|Any CPU = Release|Any CPU
	EndGlobalSection
	GlobalSection(ProjectConfigurationPlatforms) = postSolution
		{BF7E9EC1-2842-4F1D-AD6D-6C3909F38D2A}.Debug|Any CPU.ActiveCfg = Debug|Any CPU
		{BF7E9EC1-2842-4F1D-AD6D-6C3909F38D2A}.Debug|Any CPU.Build.0 = Debug|Any CPU
		{BF7E9EC1-2842-4F1D-AD6D-6C3909F38D2A}.Release|Any CPU.ActiveCfg = Release|Any CPU
		{BF7E9EC1-2842-4F1D-AD6D-6C3909F38D2A}.Release|Any CPU.Build.0 = Release|Any CPU
		{7F7994CE-823F-4A04-BBEA-D0A3808FF56D}.Debug|Any CPU.ActiveCfg = Debug|Any CPU
		{7F7994CE-823F-4A04-BBEA-D0A3808FF56D}.Debug|Any CPU.Build.0 = Debug|Any CPU
		{7F7994CE-823F-4A04-BBEA-D0A3808FF56D}.Release|Any CPU.ActiveCfg = Release|Any CPU
		{7F7994CE-823F-4A04-BBEA-D0A3808FF56D}.Release|Any CPU.Build.0 = Release|Any CPU
		{45322F3D-0CC2-439E-9D45-27CF34BDCA70}.Debug|Any CPU.ActiveCfg = Debug|Any CPU
		{45322F3D-0CC2-439E-9D45-27CF34BDCA70}.Debug|Any CPU.Build.0 = Debug|Any CPU
		{45322F3D-0CC2-439E-9D45-27CF34BDCA70}.Release|Any CPU.ActiveCfg = Release|Any CPU
		{45322F3D-0CC2-439E-9D45-27CF34BDCA70}.Release|Any CPU.Build.0 = Release|Any CPU
		{20296734-5F3C-4593-A0D5-DD20B440B13A}.Debug|Any CPU.ActiveCfg = Debug|Any CPU
		{20296734-5F3C-4593-A0D5-DD20B440B13A}.Debug|Any CPU.Build.0 = Debug|Any CPU
		{20296734-5F3C-4593-A0D5-DD20B440B13A}.Release|Any CPU.ActiveCfg = Release|Any CPU
		{20296734-5F3C-4593-A0D5-DD20B440B13A}.Release|Any CPU.Build.0 = Release|Any CPU
	EndGlobalSection
	GlobalSection(SolutionProperties) = preSolution
		HideSolutionNode = FALSE
	EndGlobalSection
	GlobalSection(NestedProjects) = preSolution
		{7F7994CE-823F-4A04-BBEA-D0A3808FF56D} = {5076FBA0-2741-497A-988D-17166A4F4CA0}
		{45322F3D-0CC2-439E-9D45-27CF34BDCA70} = {5076FBA0-2741-497A-988D-17166A4F4CA0}
		{20296734-5F3C-4593-A0D5-DD20B440B13A} = {5076FBA0-2741-497A-988D-17166A4F4CA0}
	EndGlobalSection
EndGlobal
